// !$*UTF8*$!
{
	archiveVersion = 1;
	classes = {
	};
	objectVersion = 50;
	objects = {

/* Begin PBXBuildFile section */
		6317F7DD22CC5BCC00B88890 /* AppDelegate.m in Sources */ = {isa = PBXBuildFile; fileRef = 6317F7DC22CC5BCC00B88890 /* AppDelegate.m */; };
		6317F7E022CC5BCC00B88890 /* ViewController.m in Sources */ = {isa = PBXBuildFile; fileRef = 6317F7DF22CC5BCC00B88890 /* ViewController.m */; };
		6317F7E322CC5BCC00B88890 /* Main.storyboard in Resources */ = {isa = PBXBuildFile; fileRef = 6317F7E122CC5BCC00B88890 /* Main.storyboard */; };
		6317F7E522CC5BCD00B88890 /* Assets.xcassets in Resources */ = {isa = PBXBuildFile; fileRef = 6317F7E422CC5BCD00B88890 /* Assets.xcassets */; };
		6317F7E822CC5BCD00B88890 /* LaunchScreen.storyboard in Resources */ = {isa = PBXBuildFile; fileRef = 6317F7E622CC5BCD00B88890 /* LaunchScreen.storyboard */; };
		6317F7EB22CC5BCD00B88890 /* main.m in Sources */ = {isa = PBXBuildFile; fileRef = 6317F7EA22CC5BCD00B88890 /* main.m */; };
/* End PBXBuildFile section */

/* Begin PBXFileReference section */
		6317F7D822CC5BCC00B88890 /* PHAssetsTest.app */ = {isa = PBXFileReference; explicitFileType = wrapper.application; includeInIndex = 0; path = PHAssetsTest.app; sourceTree = BUILT_PRODUCTS_DIR; };
		6317F7DB22CC5BCC00B88890 /* AppDelegate.h */ = {isa = PBXFileReference; lastKnownFileType = sourcecode.c.h; path = AppDelegate.h; sourceTree = "<group>"; };
		6317F7DC22CC5BCC00B88890 /* AppDelegate.m */ = {isa = PBXFileReference; lastKnownFileType = sourcecode.c.objc; path = AppDelegate.m; sourceTree = "<group>"; };
		6317F7DE22CC5BCC00B88890 /* ViewController.h */ = {isa = PBXFileReference; lastKnownFileType = sourcecode.c.h; path = ViewController.h; sourceTree = "<group>"; };
		6317F7DF22CC5BCC00B88890 /* ViewController.m */ = {isa = PBXFileReference; lastKnownFileType = sourcecode.c.objc; path = ViewController.m; sourceTree = "<group>"; };
		6317F7E222CC5BCC00B88890 /* Base */ = {isa = PBXFileReference; lastKnownFileType = file.storyboard; name = Base; path = Base.lproj/Main.storyboard; sourceTree = "<group>"; };
		6317F7E422CC5BCD00B88890 /* Assets.xcassets */ = {isa = PBXFileReference; lastKnownFileType = folder.assetcatalog; path = Assets.xcassets; sourceTree = "<group>"; };
		6317F7E722CC5BCD00B88890 /* Base */ = {isa = PBXFileReference; lastKnownFileType = file.storyboard; name = Base; path = Base.lproj/LaunchScreen.storyboard; sourceTree = "<group>"; };
		6317F7E922CC5BCD00B88890 /* Info.plist */ = {isa = PBXFileReference; lastKnownFileType = text.plist.xml; path = Info.plist; sourceTree = "<group>"; };
		6317F7EA22CC5BCD00B88890 /* main.m */ = {isa = PBXFileReference; lastKnownFileType = sourcecode.c.objc; path = main.m; sourceTree = "<group>"; };
/* End PBXFileReference section */

/* Begin PBXFrameworksBuildPhase section */
		6317F7D522CC5BCC00B88890 /* Frameworks */ = {
			isa = PBXFrameworksBuildPhase;
			buildActionMask = 2147483647;
			files = (
			);
			runOnlyForDeploymentPostprocessing = 0;
		};
/* End PBXFrameworksBuildPhase section */

/* Begin PBXGroup section */
		6317F7CF22CC5BCC00B88890 = {
			isa = PBXGroup;
			children = (
				6317F7DA22CC5BCC00B88890 /* PHAssetsTest */,
				6317F7D922CC5BCC00B88890 /* Products */,
			);
			sourceTree = "<group>";
		};
		6317F7D922CC5BCC00B88890 /* Products */ = {
			isa = PBXGroup;
			children = (
				6317F7D822CC5BCC00B88890 /* PHAssetsTest.app */,
			);
			name = Products;
			sourceTree = "<group>";
		};
		6317F7DA22CC5BCC00B88890 /* PHAssetsTest */ = {
			isa = PBXGroup;
			children = (
				6317F7DB22CC5BCC00B88890 /* AppDelegate.h */,
				6317F7DC22CC5BCC00B88890 /* AppDelegate.m */,
				6317F7DE22CC5BCC00B88890 /* ViewController.h */,
				6317F7DF22CC5BCC00B88890 /* ViewController.m */,
				6317F7E122CC5BCC00B88890 /* Main.storyboard */,
				6317F7E422CC5BCD00B88890 /* Assets.xcassets */,
				6317F7E622CC5BCD00B88890 /* LaunchScreen.storyboard */,
				6317F7E922CC5BCD00B88890 /* Info.plist */,
				6317F7EA22CC5BCD00B88890 /* main.m */,
			);
			path = PHAssetsTest;
			sourceTree = "<group>";
		};
/* End PBXGroup section */

/* Begin PBXNativeTarget section */
		6317F7D722CC5BCC00B88890 /* PHAssetsTest */ = {
			isa = PBXNativeTarget;
			buildConfigurationList = 6317F7EE22CC5BCD00B88890 /* Build configuration list for PBXNativeTarget "PHAssetsTest" */;
			buildPhases = (
				6317F7D422CC5BCC00B88890 /* Sources */,
				6317F7D522CC5BCC00B88890 /* Frameworks */,
				6317F7D622CC5BCC00B88890 /* Resources */,
			);
			buildRules = (
			);
			dependencies = (
			);
			name = PHAssetsTest;
			productName = PHAssetsTest;
			productReference = 6317F7D822CC5BCC00B88890 /* PHAssetsTest.app */;
			productType = "com.apple.product-type.application";
		};
/* End PBXNativeTarget section */

/* Begin PBXProject section */
		6317F7D022CC5BCC00B88890 /* Project object */ = {
			isa = PBXProject;
			attributes = {
				LastUpgradeCheck = 1020;
				ORGANIZATIONNAME = HePing;
				TargetAttributes = {
					6317F7D722CC5BCC00B88890 = {
						CreatedOnToolsVersion = 10.2;
					};
				};
			};
			buildConfigurationList = 6317F7D322CC5BCC00B88890 /* Build configuration list for PBXProject "PHAssetsTest" */;
			compatibilityVersion = "Xcode 9.3";
			developmentRegion = en;
			hasScannedForEncodings = 0;
			knownRegions = (
				en,
				Base,
			);
			mainGroup = 6317F7CF22CC5BCC00B88890;
			productRefGroup = 6317F7D922CC5BCC00B88890 /* Products */;
			projectDirPath = "";
			projectRoot = "";
			targets = (
				6317F7D722CC5BCC00B88890 /* PHAssetsTest */,
			);
		};
/* End PBXProject section */

/* Begin PBXResourcesBuildPhase section */
		6317F7D622CC5BCC00B88890 /* Resources */ = {
			isa = PBXResourcesBuildPhase;
			buildActionMask = 2147483647;
			files = (
				6317F7E822CC5BCD00B88890 /* LaunchScreen.storyboard in Resources */,
				6317F7E522CC5BCD00B88890 /* Assets.xcassets in Resources */,
				6317F7E322CC5BCC00B88890 /* Main.storyboard in Resources */,
			);
			runOnlyForDeploymentPostprocessing = 0;
		};
/* End PBXResourcesBuildPhase section */

/* Begin PBXSourcesBuildPhase section */
		6317F7D422CC5BCC00B88890 /* Sources */ = {
			isa = PBXSourcesBuildPhase;
			buildActionMask = 2147483647;
			files = (
				6317F7E022CC5BCC00B88890 /* ViewController.m in Sources */,
				6317F7EB22CC5BCD00B88890 /* main.m in Sources */,
				6317F7DD22CC5BCC00B88890 /* AppDelegate.m in Sources */,
			);
			runOnlyForDeploymentPostprocessing = 0;
		};
/* End PBXSourcesBuildPhase section */

/* Begin PBXVariantGroup section */
		6317F7E122CC5BCC00B88890 /* Main.storyboard */ = {
			isa = PBXVariantGroup;
			children = (
				6317F7E222CC5BCC00B88890 /* Base */,
			);
			name = Main.storyboard;
			sourceTree = "<group>";
		};
		6317F7E622CC5BCD00B88890 /* LaunchScreen.storyboard */ = {
			isa = PBXVariantGroup;
			children = (
				6317F7E722CC5BCD00B88890 /* Base */,
			);
			name = LaunchScreen.storyboard;
			sourceTree = "<group>";
		};
/* End PBXVariantGroup section */

/* Begin XCBuildConfiguration section */
		6317F7EC22CC5BCD00B88890 /* Debug */ = {
			isa = XCBuildConfiguration;
			buildSettings = {
				ALWAYS_SEARCH_USER_PATHS = NO;
				CLANG_ANALYZER_NONNULL = YES;
				CLANG_ANALYZER_NUMBER_OBJECT_CONVERSION = YES_AGGRESSIVE;
				CLANG_CXX_LANGUAGE_STANDARD = "gnu++14";
				CLANG_CXX_LIBRARY = "libc++";
				CLANG_ENABLE_MODULES = YES;
				CLANG_ENABLE_OBJC_ARC = YES;
				CLANG_ENABLE_OBJC_WEAK = YES;
				CLANG_WARN_BLOCK_CAPTURE_AUTORELEASING = YES;
				CLANG_WARN_BOOL_CONVERSION = YES;
				CLANG_WARN_COMMA = YES;
				CLANG_WARN_CONSTANT_CONVERSION = YES;
				CLANG_WARN_DEPRECATED_OBJC_IMPLEMENTATIONS = YES;
				CLANG_WARN_DIRECT_OBJC_ISA_USAGE = YES_ERROR;
				CLANG_WARN_DOCUMENTATION_COMMENTS = YES;
				CLANG_WARN_EMPTY_BODY = YES;
				CLANG_WARN_ENUM_CONVERSION = YES;
				CLANG_WARN_INFINITE_RECURSION = YES;
				CLANG_WARN_INT_CONVERSION = YES;
				CLANG_WARN_NON_LITERAL_NULL_CONVERSION = YES;
				CLANG_WARN_OBJC_IMPLICIT_RETAIN_SELF = YES;
				CLANG_WARN_OBJC_LITERAL_CONVERSION = YES;
				CLANG_WARN_OBJC_ROOT_CLASS = YES_ERROR;
				CLANG_WARN_RANGE_LOOP_ANALYSIS = YES;
				CLANG_WARN_STRICT_PROTOTYPES = YES;
				CLANG_WARN_SUSPICIOUS_MOVE = YES;
				CLANG_WARN_UNGUARDED_AVAILABILITY = YES_AGGRESSIVE;
				CLANG_WARN_UNREACHABLE_CODE = YES;
				CLANG_WARN__DUPLICATE_METHOD_MATCH = YES;
				CODE_SIGN_IDENTITY = "iPhone Developer";
				COPY_PHASE_STRIP = NO;
				DEBUG_INFORMATION_FORMAT = dwarf;
				ENABLE_STRICT_OBJC_MSGSEND = YES;
				ENABLE_TESTABILITY = YES;
				GCC_C_LANGUAGE_STANDARD = gnu11;
				GCC_DYNAMIC_NO_PIC = NO;
				GCC_NO_COMMON_BLOCKS = YES;
				GCC_OPTIMIZATION_LEVEL = 0;
				GCC_PREPROCESSOR_DEFINITIONS = (
					"DEBUG=1",
					"$(inherited)",
				);
				GCC_WARN_64_TO_32_BIT_CONVERSION = YES;
				GCC_WARN_ABOUT_RETURN_TYPE = YES_ERROR;
				GCC_WARN_UNDECLARED_SELECTOR = YES;
				GCC_WARN_UNINITIALIZED_AUTOS = YES_AGGRESSIVE;
				GCC_WARN_UNUSED_FUNCTION = YES;
				GCC_WARN_UNUSED_VARIABLE = YES;
				IPHONEOS_DEPLOYMENT_TARGET = 8.0;
				MTL_ENABLE_DEBUG_INFO = INCLUDE_SOURCE;
				MTL_FAST_MATH = YES;
				ONLY_ACTIVE_ARCH = YES;
				SDKROOT = iphoneos;
			};
			name = Debug;
		};
		6317F7ED22CC5BCD00B88890 /* Release */ = {
			isa = XCBuildConfiguration;
			buildSettings = {
				ALWAYS_SEARCH_USER_PATHS = NO;
				CLANG_ANALYZER_NONNULL = YES;
				CLANG_ANALYZER_NUMBER_OBJECT_CONVERSION = YES_AGGRESSIVE;
				CLANG_CXX_LANGUAGE_STANDARD = "gnu++14";
				CLANG_CXX_LIBRARY = "libc++";
				CLANG_ENABLE_MODULES = YES;
				CLANG_ENABLE_OBJC_ARC = YES;
				CLANG_ENABLE_OBJC_WEAK = YES;
				CLANG_WARN_BLOCK_CAPTURE_AUTORELEASING = YES;
				CLANG_WARN_BOOL_CONVERSION = YES;
				CLANG_WARN_COMMA = YES;
				CLANG_WARN_CONSTANT_CONVERSION = YES;
				CLANG_WARN_DEPRECATED_OBJC_IMPLEMENTATIONS = YES;
				CLANG_WARN_DIRECT_OBJC_ISA_USAGE = YES_ERROR;
				CLANG_WARN_DOCUMENTATION_COMMENTS = YES;
				CLANG_WARN_EMPTY_BODY = YES;
				CLANG_WARN_ENUM_CONVERSION = YES;
				CLANG_WARN_INFINITE_RECURSION = YES;
				CLANG_WARN_INT_CONVERSION = YES;
				CLANG_WARN_NON_LITERAL_NULL_CONVERSION = YES;
				CLANG_WARN_OBJC_IMPLICIT_RETAIN_SELF = YES;
				CLANG_WARN_OBJC_LITERAL_CONVERSION = YES;
				CLANG_WARN_OBJC_ROOT_CLASS = YES_ERROR;
				CLANG_WARN_RANGE_LOOP_ANALYSIS = YES;
				CLANG_WARN_STRICT_PROTOTYPES = YES;
				CLANG_WARN_SUSPICIOUS_MOVE = YES;
				CLANG_WARN_UNGUARDED_AVAILABILITY = YES_AGGRESSIVE;
				CLANG_WARN_UNREACHABLE_CODE = YES;
				CLANG_WARN__DUPLICATE_METHOD_MATCH = YES;
				CODE_SIGN_IDENTITY = "iPhone Developer";
				COPY_PHASE_STRIP = NO;
				DEBUG_INFORMATION_FORMAT = "dwarf-with-dsym";
				ENABLE_NS_ASSERTIONS = NO;
				ENABLE_STRICT_OBJC_MSGSEND = YES;
				GCC_C_LANGUAGE_STANDARD = gnu11;
				GCC_NO_COMMON_BLOCKS = YES;
				GCC_WARN_64_TO_32_BIT_CONVERSION = YES;
				GCC_WARN_ABOUT_RETURN_TYPE = YES_ERROR;
				GCC_WARN_UNDECLARED_SELECTOR = YES;
				GCC_WARN_UNINITIALIZED_AUTOS = YES_AGGRESSIVE;
				GCC_WARN_UNUSED_FUNCTION = YES;
				GCC_WARN_UNUSED_VARIABLE = YES;
				IPHONEOS_DEPLOYMENT_TARGET = 8.0;
				MTL_ENABLE_DEBUG_INFO = NO;
				MTL_FAST_MATH = YES;
				SDKROOT = iphoneos;
				VALIDATE_PRODUCT = YES;
			};
			name = Release;
		};
		6317F7EF22CC5BCD00B88890 /* Debug */ = {
			isa = XCBuildConfiguration;
			buildSettings = {
				ASSETCATALOG_COMPILER_APPICON_NAME = AppIcon;
				CODE_SIGN_STYLE = Automatic;
				DEVELOPMENT_TEAM = K6FCNAVS47;
				INFOPLIST_FILE = PHAssetsTest/Info.plist;
				IPHONEOS_DEPLOYMENT_TARGET = 8.0;
				LD_RUNPATH_SEARCH_PATHS = (
					"$(inherited)",
					"@executable_path/Frameworks",
				);
				PRODUCT_BUNDLE_IDENTIFIER = com.NealMarlin.PHAssetsTest;
				PRODUCT_NAME = "$(TARGET_NAME)";
				TARGETED_DEVICE_FAMILY = 1;
			};
			name = Debug;
		};
		6317F7F022CC5BCD00B88890 /* Release */ = {
			isa = XCBuildConfiguration;
			buildSettings = {
				ASSETCATALOG_COMPILER_APPICON_NAME = AppIcon;
				CODE_SIGN_STYLE = Automatic;
				DEVELOPMENT_TEAM = K6FCNAVS47;
				INFOPLIST_FILE = PHAssetsTest/Info.plist;
				IPHONEOS_DEPLOYMENT_TARGET = 8.0;
				LD_RUNPATH_SEARCH_PATHS = (
					"$(inherited)",
					"@executable_path/Frameworks",
				);
				PRODUCT_BUNDLE_IDENTIFIER = com.NealMarlin.PHAssetsTest;
				PRODUCT_NAME = "$(TARGET_NAME)";
				TARGETED_DEVICE_FAMILY = 1;
			};
			name = Release;
		};
/* End XCBuildConfiguration section */

/* Begin XCConfigurationList section */
		6317F7D322CC5BCC00B88890 /* Build configuration list for PBXProject "PHAssetsTest" */ = {
			isa = XCConfigurationList;
			buildConfigurations = (
				6317F7EC22CC5BCD00B88890 /* Debug */,
				6317F7ED22CC5BCD00B88890 /* Release */,
			);
			defaultConfigurationIsVisible = 0;
			defaultConfigurationName = Release;
		};
		6317F7EE22CC5BCD00B88890 /* Build configuration list for PBXNativeTarget "PHAssetsTest" */ = {
			isa = XCConfigurationList;
			buildConfigurations = (
				6317F7EF22CC5BCD00B88890 /* Debug */,
				6317F7F022CC5BCD00B88890 /* Release */,
			);
			defaultConfigurationIsVisible = 0;
			defaultConfigurationName = Release;
		};
/* End XCConfigurationList section */
	};
	rootObject = 6317F7D022CC5BCC00B88890 /* Project object */;
}
